
Microsoft Visual Studio Solution File, Format Version 12.00
# Visual Studio Version 17
VisualStudioVersion = 17.1.32414.318
MinimumVisualStudioVersion = 10.0.40219.1
Project("{FAE04EC0-301F-11D3-BF4B-00C04F79EFBC}") = "CRUD", "CRUD.csproj", "{CEC7C876-EBF7-443D-B4C0-6859F83CA1F1}"
EndProject
Global
	GlobalSection(SolutionConfigurationPlatforms) = preSolution
		Debug|Any CPU = Debug|Any CPU
		Release|Any CPU = Release|Any CPU
	EndGlobalSection
	GlobalSection(ProjectConfigurationPlatforms) = postSolution
		{CEC7C876-EBF7-443D-B4C0-6859F83CA1F1}.Debug|Any CPU.ActiveCfg = Debug|Any CPU
		{CEC7C876-EBF7-443D-B4C0-6859F83CA1F1}.Debug|Any CPU.Build.0 = Debug|Any CPU
		{CEC7C876-EBF7-443D-B4C0-6859F83CA1F1}.Release|Any CPU.ActiveCfg = Release|Any CPU
		{CEC7C876-EBF7-443D-B4C0-6859F83CA1F1}.Release|Any CPU.Build.0 = Release|Any CPU
	EndGlobalSection
	GlobalSection(SolutionProperties) = preSolution
		HideSolutionNode = FALSE
	EndGlobalSection
	GlobalSection(ExtensibilityGlobals) = postSolution
		SolutionGuid = {D16B118A-1370-41B3-9DD4-AFD7C41469E7}
	EndGlobalSection
EndGlobal
